
Microsoft Visual Studio Solution File, Format Version 11.00
# Visual Studio 2010
Project("{FAE04EC0-301F-11D3-BF4B-00C04F79EFBC}") = "holotest", "Assembly-CSharp.csproj", "{F384D1AE-2650-FB3C-2D59-9BA05D5613A7}"
EndProject
Project("{FAE04EC0-301F-11D3-BF4B-00C04F79EFBC}") = "holotest", "Assembly-CSharp-Editor.csproj", "{E44A1D78-EB95-BE57-937D-40CBF35873DE}"
EndProject
Global
	GlobalSection(SolutionConfigurationPlatforms) = preSolution
		Debug|Any CPU = Debug|Any CPU
		Release|Any CPU = Release|Any CPU
	EndGlobalSection
	GlobalSection(ProjectConfigurationPlatforms) = postSolution
		{F384D1AE-2650-FB3C-2D59-9BA05D5613A7}.Debug|Any CPU.ActiveCfg = Debug|Any CPU
		{F384D1AE-2650-FB3C-2D59-9BA05D5613A7}.Debug|Any CPU.Build.0 = Debug|Any CPU
		{F384D1AE-2650-FB3C-2D59-9BA05D5613A7}.Release|Any CPU.ActiveCfg = Release|Any CPU
		{F384D1AE-2650-FB3C-2D59-9BA05D5613A7}.Release|Any CPU.Build.0 = Release|Any CPU
		{E44A1D78-EB95-BE57-937D-40CBF35873DE}.Debug|Any CPU.ActiveCfg = Debug|Any CPU
		{E44A1D78-EB95-BE57-937D-40CBF35873DE}.Debug|Any CPU.Build.0 = Debug|Any CPU
		{E44A1D78-EB95-BE57-937D-40CBF35873DE}.Release|Any CPU.ActiveCfg = Release|Any CPU
		{E44A1D78-EB95-BE57-937D-40CBF35873DE}.Release|Any CPU.Build.0 = Release|Any CPU
	EndGlobalSection
	GlobalSection(SolutionProperties) = preSolution
		HideSolutionNode = FALSE
	EndGlobalSection
	GlobalSection(MonoDevelopProperties) = preSolution
		StartupItem = Assembly-CSharp.csproj
	EndGlobalSection
EndGlobal
